
Microsoft Visual Studio Solution File, Format Version 10.00
# Visual Studio 2008
Project("{8BC9CEB8-8B4A-11D0-8D11-00A0C91BC942}") = "LGTest10_29A", "LGTest10_29A\LGTest10_29A.vcproj", "{F705AEAB-A6A4-4622-9DA7-6742EE4A9102}"
EndProject
Global
	GlobalSection(SolutionConfigurationPlatforms) = preSolution
		Debug|Win32 = Debug|Win32
		Release|Win32 = Release|Win32
	EndGlobalSection
	GlobalSection(ProjectConfigurationPlatforms) = postSolution
		{F705AEAB-A6A4-4622-9DA7-6742EE4A9102}.Debug|Win32.ActiveCfg = Debug|Win32
		{F705AEAB-A6A4-4622-9DA7-6742EE4A9102}.Debug|Win32.Build.0 = Debug|Win32
		{F705AEAB-A6A4-4622-9DA7-6742EE4A9102}.Release|Win32.ActiveCfg = Release|Win32
		{F705AEAB-A6A4-4622-9DA7-6742EE4A9102}.Release|Win32.Build.0 = Release|Win32
	EndGlobalSection
	GlobalSection(SolutionProperties) = preSolution
		HideSolutionNode = FALSE
	EndGlobalSection
EndGlobal
